
Microsoft Visual Studio Solution File, Format Version 12.00
# Visual Studio Version 17
VisualStudioVersion = 17.14.36429.23
MinimumVisualStudioVersion = 10.0.40219.1
Project("{2150E333-8FDC-42A3-9474-1A3956D46DE8}") = "Task0", "Task0", "{02EA681E-C7D8-13C7-8484-4AC65E1B71E8}"
EndProject
Project("{FAE04EC0-301F-11D3-BF4B-00C04F79EFBC}") = "Tyuiu.RadkoVO.Sprint0.Task0.V0", "Tyuiu.RadkoVO.Sprint0.Task0.V0\Tyuiu.RadkoVO.Sprint0.Task0.V0.csproj", "{96E23669-8351-4E0D-8B69-F6BE47886479}"
EndProject
Project("{2150E333-8FDC-42A3-9474-1A3956D46DE8}") = "Task1", "Task1", "{608028D9-A2D5-44B7-ABE4-E7310963811B}"
EndProject
Project("{FAE04EC0-301F-11D3-BF4B-00C04F79EFBC}") = "Tyuiu.RadkoVO.Sprint0.Task1.V0", "Tyuiu.RadkoVO.Sprint0.Task1.V0\Tyuiu.RadkoVO.Sprint0.Task1.V0.csproj", "{A56A6D65-233B-4CCE-84F8-80F0862C092B}"
EndProject
Project("{2150E333-8FDC-42A3-9474-1A3956D46DE8}") = "Task2", "Task2", "{A143A0C0-6A02-40C7-9957-100E134DB8D9}"
EndProject
Project("{FAE04EC0-301F-11D3-BF4B-00C04F79EFBC}") = "Tyuiu.RadkoVO.Sprint0.Task2.V0", "Tyuiu.RadkoVO.Sprint0.Task2.V0\Tyuiu.RadkoVO.Sprint0.Task2.V0.csproj", "{CF77D099-9960-4F22-A8B8-28859A370F3B}"
EndProject
Project("{FAE04EC0-301F-11D3-BF4B-00C04F79EFBC}") = "Tyuiu.RadkoVO.Sprint0.Task2.V0.Lib", "Tyuiu.RadkoVO.Sprint0.Task2.V0.Lib\Tyuiu.RadkoVO.Sprint0.Task2.V0.Lib.csproj", "{696AFC27-E627-4ED3-A547-D76E6810FFA4}"
EndProject
Project("{FAE04EC0-301F-11D3-BF4B-00C04F79EFBC}") = "Tyuiu.RadkoVO.Sprint0.Task2.V0.Test", "Tyuiu.RadkoVO.Sprint0.Task2.V0.Test\Tyuiu.RadkoVO.Sprint0.Task2.V0.Test.csproj", "{227F90D2-2316-4BCE-B4FA-C48CE6E26244}"
EndProject
Project("{2150E333-8FDC-42A3-9474-1A3956D46DE8}") = "Task3", "Task3", "{F70215B6-98CF-4E59-808F-C06FAF943FFC}"
EndProject
Project("{FAE04EC0-301F-11D3-BF4B-00C04F79EFBC}") = "Tyuiu.RadkoVO.Sprint0.Task3.V0", "Tyuiu.RadkoVO.Sprint0.Task3.V0\Tyuiu.RadkoVO.Sprint0.Task3.V0.csproj", "{0951ADDE-C9CA-4DAF-89D5-9025D1CF8CC3}"
EndProject
Project("{FAE04EC0-301F-11D3-BF4B-00C04F79EFBC}") = "Tyuiu.RadkoVO.Sprint0.Task3.V0.Lib", "Tyuiu.RadkoVO.Sprint0.Task3.V0.Lib\Tyuiu.RadkoVO.Sprint0.Task3.V0.Lib.csproj", "{EC350E61-7105-40EA-813C-A0C7D50A00F1}"
EndProject
Project("{FAE04EC0-301F-11D3-BF4B-00C04F79EFBC}") = "Tyuiu.RadkoVO.Sprint0.Task3.V0.Test", "Tyuiu.RadkoVO.Sprint0.Task3.V0.Test\Tyuiu.RadkoVO.Sprint0.Task3.V0.Test.csproj", "{6ECC3204-20AB-47AE-A4EC-619676B0E3AD}"
EndProject
Project("{2150E333-8FDC-42A3-9474-1A3956D46DE8}") = "Task4", "Task4", "{9E9899C8-6404-4F03-B5BD-388720ED2044}"
EndProject
Project("{FAE04EC0-301F-11D3-BF4B-00C04F79EFBC}") = "Tyuiu.RadkoVO.Sprint0.Task4.V0", "Tyuiu.RadkoVO.Sprint0.Task4.V0\Tyuiu.RadkoVO.Sprint0.Task4.V0.csproj", "{EB3F5594-F830-4D23-BDC8-4ED7ED818E38}"
EndProject
Project("{FAE04EC0-301F-11D3-BF4B-00C04F79EFBC}") = "Tyuiu.RadkoVO.Sprint0.Task4.V0.Lib", "Tyuiu.RadkoVO.Sprint0.Task4.V0.Lib\Tyuiu.RadkoVO.Sprint0.Task4.V0.Lib.csproj", "{A966EEF9-9E01-4E9B-944F-0FC3D7890E3A}"
EndProject
Project("{FAE04EC0-301F-11D3-BF4B-00C04F79EFBC}") = "Tyuiu.RadkoVO.Sprint0.Task4.V0.Test", "Tyuiu.RadkoVO.Sprin0.Task4.V0.Test\Tyuiu.RadkoVO.Sprint0.Task4.V0.Test.csproj", "{DA3C5613-EB83-4D5D-9599-5699B8D72625}"
EndProject
Project("{2150E333-8FDC-42A3-9474-1A3956D46DE8}") = "Task5", "Task5", "{0F773846-A385-44B0-904A-9F335C443F06}"
EndProject
Project("{FAE04EC0-301F-11D3-BF4B-00C04F79EFBC}") = "Tyuiu.RadkoVO.Sprint0.Task5.V0", "Tyuiu.RadkoVO.Sprint0.Task5.V0\Tyuiu.RadkoVO.Sprint0.Task5.V0.csproj", "{168E5B97-A10A-4895-9E59-515E589B7EF8}"
EndProject
Project("{FAE04EC0-301F-11D3-BF4B-00C04F79EFBC}") = "Tyuiu.RadkoVO.Sprint0.Task5.V0.Lib", "Tyuiu.RadkoVO.Sprint0.Task5.V0.Lib\Tyuiu.RadkoVO.Sprint0.Task5.V0.Lib.csproj", "{79FF3DE6-852E-472D-9A25-2C7F65FD97D9}"
EndProject
Project("{FAE04EC0-301F-11D3-BF4B-00C04F79EFBC}") = "Tyuiu.RadkoVO.Sprint0.Task5.V0.Test", "Tyuiu.RadkoVO.Sprint0.Task5.V0.Test\Tyuiu.RadkoVO.Sprint0.Task5.V0.Test.csproj", "{B273D034-B656-4B27-95A8-9D9A6B09EB57}"
EndProject
Project("{2150E333-8FDC-42A3-9474-1A3956D46DE8}") = "Task6", "Task6", "{28F7BA97-7A83-4E83-8AE6-3063AE22EA60}"
EndProject
Project("{FAE04EC0-301F-11D3-BF4B-00C04F79EFBC}") = "Tyuiu.RadkoVO.Sprint0.Task6.V0", "Tyuiu.RadkoVO.Sprint0.Task6.V0\Tyuiu.RadkoVO.Sprint0.Task6.V0.csproj", "{A93EE975-C1D6-4EDC-BD32-7276AB0C34F5}"
EndProject
Project("{FAE04EC0-301F-11D3-BF4B-00C04F79EFBC}") = "Tyuiu.RadkoVO.Sprint0.Task6.V0.Lib", "Tyuiu.RadkoVO.Sprint0.Task6.V0.Lib\Tyuiu.RadkoVO.Sprint0.Task6.V0.Lib.csproj", "{DAD876F8-E36C-44F9-AB17-FD389A7E5A5C}"
EndProject
Project("{FAE04EC0-301F-11D3-BF4B-00C04F79EFBC}") = "Tyuiu.RadkoVO.Sprint0.Task6.V0.Test", "Tyuiu.RadkoVO.Sprint0.Task6.V0.Test\Tyuiu.RadkoVO.Sprint0.Task6.V0.Test.csproj", "{17F873E1-3ACD-41F3-93FD-10769FBCB5E1}"
EndProject
Global
	GlobalSection(SolutionConfigurationPlatforms) = preSolution
		Debug|Any CPU = Debug|Any CPU
		Release|Any CPU = Release|Any CPU
	EndGlobalSection
	GlobalSection(ProjectConfigurationPlatforms) = postSolution
		{96E23669-8351-4E0D-8B69-F6BE47886479}.Debug|Any CPU.ActiveCfg = Debug|Any CPU
		{96E23669-8351-4E0D-8B69-F6BE47886479}.Debug|Any CPU.Build.0 = Debug|Any CPU
		{96E23669-8351-4E0D-8B69-F6BE47886479}.Release|Any CPU.ActiveCfg = Release|Any CPU
		{96E23669-8351-4E0D-8B69-F6BE47886479}.Release|Any CPU.Build.0 = Release|Any CPU
		{A56A6D65-233B-4CCE-84F8-80F0862C092B}.Debug|Any CPU.ActiveCfg = Debug|Any CPU
		{A56A6D65-233B-4CCE-84F8-80F0862C092B}.Debug|Any CPU.Build.0 = Debug|Any CPU
		{A56A6D65-233B-4CCE-84F8-80F0862C092B}.Release|Any CPU.ActiveCfg = Release|Any CPU
		{A56A6D65-233B-4CCE-84F8-80F0862C092B}.Release|Any CPU.Build.0 = Release|Any CPU
		{CF77D099-9960-4F22-A8B8-28859A370F3B}.Debug|Any CPU.ActiveCfg = Debug|Any CPU
		{CF77D099-9960-4F22-A8B8-28859A370F3B}.Debug|Any CPU.Build.0 = Debug|Any CPU
		{CF77D099-9960-4F22-A8B8-28859A370F3B}.Release|Any CPU.ActiveCfg = Release|Any CPU
		{CF77D099-9960-4F22-A8B8-28859A370F3B}.Release|Any CPU.Build.0 = Release|Any CPU
		{696AFC27-E627-4ED3-A547-D76E6810FFA4}.Debug|Any CPU.ActiveCfg = Debug|Any CPU
		{696AFC27-E627-4ED3-A547-D76E6810FFA4}.Debug|Any CPU.Build.0 = Debug|Any CPU
		{696AFC27-E627-4ED3-A547-D76E6810FFA4}.Release|Any CPU.ActiveCfg = Release|Any CPU
		{696AFC27-E627-4ED3-A547-D76E6810FFA4}.Release|Any CPU.Build.0 = Release|Any CPU
		{227F90D2-2316-4BCE-B4FA-C48CE6E26244}.Debug|Any CPU.ActiveCfg = Debug|Any CPU
		{227F90D2-2316-4BCE-B4FA-C48CE6E26244}.Debug|Any CPU.Build.0 = Debug|Any CPU
		{227F90D2-2316-4BCE-B4FA-C48CE6E26244}.Release|Any CPU.ActiveCfg = Release|Any CPU
		{227F90D2-2316-4BCE-B4FA-C48CE6E26244}.Release|Any CPU.Build.0 = Release|Any CPU
		{0951ADDE-C9CA-4DAF-89D5-9025D1CF8CC3}.Debug|Any CPU.ActiveCfg = Debug|Any CPU
		{0951ADDE-C9CA-4DAF-89D5-9025D1CF8CC3}.Debug|Any CPU.Build.0 = Debug|Any CPU
		{0951ADDE-C9CA-4DAF-89D5-9025D1CF8CC3}.Release|Any CPU.ActiveCfg = Release|Any CPU
		{0951ADDE-C9CA-4DAF-89D5-9025D1CF8CC3}.Release|Any CPU.Build.0 = Release|Any CPU
		{EC350E61-7105-40EA-813C-A0C7D50A00F1}.Debug|Any CPU.ActiveCfg = Debug|Any CPU
		{EC350E61-7105-40EA-813C-A0C7D50A00F1}.Debug|Any CPU.Build.0 = Debug|Any CPU
		{EC350E61-7105-40EA-813C-A0C7D50A00F1}.Release|Any CPU.ActiveCfg = Release|Any CPU
		{EC350E61-7105-40EA-813C-A0C7D50A00F1}.Release|Any CPU.Build.0 = Release|Any CPU
		{6ECC3204-20AB-47AE-A4EC-619676B0E3AD}.Debug|Any CPU.ActiveCfg = Debug|Any CPU
		{6ECC3204-20AB-47AE-A4EC-619676B0E3AD}.Debug|Any CPU.Build.0 = Debug|Any CPU
		{6ECC3204-20AB-47AE-A4EC-619676B0E3AD}.Release|Any CPU.ActiveCfg = Release|Any CPU
		{6ECC3204-20AB-47AE-A4EC-619676B0E3AD}.Release|Any CPU.Build.0 = Release|Any CPU
		{EB3F5594-F830-4D23-BDC8-4ED7ED818E38}.Debug|Any CPU.ActiveCfg = Debug|Any CPU
		{EB3F5594-F830-4D23-BDC8-4ED7ED818E38}.Debug|Any CPU.Build.0 = Debug|Any CPU
		{EB3F5594-F830-4D23-BDC8-4ED7ED818E38}.Release|Any CPU.ActiveCfg = Release|Any CPU
		{EB3F5594-F830-4D23-BDC8-4ED7ED818E38}.Release|Any CPU.Build.0 = Release|Any CPU
		{A966EEF9-9E01-4E9B-944F-0FC3D7890E3A}.Debug|Any CPU.ActiveCfg = Debug|Any CPU
		{A966EEF9-9E01-4E9B-944F-0FC3D7890E3A}.Debug|Any CPU.Build.0 = Debug|Any CPU
		{A966EEF9-9E01-4E9B-944F-0FC3D7890E3A}.Release|Any CPU.ActiveCfg = Release|Any CPU
		{A966EEF9-9E01-4E9B-944F-0FC3D7890E3A}.Release|Any CPU.Build.0 = Release|Any CPU
		{DA3C5613-EB83-4D5D-9599-5699B8D72625}.Debug|Any CPU.ActiveCfg = Debug|Any CPU
		{DA3C5613-EB83-4D5D-9599-5699B8D72625}.Debug|Any CPU.Build.0 = Debug|Any CPU
		{DA3C5613-EB83-4D5D-9599-5699B8D72625}.Release|Any CPU.ActiveCfg = Release|Any CPU
		{DA3C5613-EB83-4D5D-9599-5699B8D72625}.Release|Any CPU.Build.0 = Release|Any CPU
		{168E5B97-A10A-4895-9E59-515E589B7EF8}.Debug|Any CPU.ActiveCfg = Debug|Any CPU
		{168E5B97-A10A-4895-9E59-515E589B7EF8}.Debug|Any CPU.Build.0 = Debug|Any CPU
		{168E5B97-A10A-4895-9E59-515E589B7EF8}.Release|Any CPU.ActiveCfg = Release|Any CPU
		{168E5B97-A10A-4895-9E59-515E589B7EF8}.Release|Any CPU.Build.0 = Release|Any CPU
		{79FF3DE6-852E-472D-9A25-2C7F65FD97D9}.Debug|Any CPU.ActiveCfg = Debug|Any CPU
		{79FF3DE6-852E-472D-9A25-2C7F65FD97D9}.Debug|Any CPU.Build.0 = Debug|Any CPU
		{79FF3DE6-852E-472D-9A25-2C7F65FD97D9}.Release|Any CPU.ActiveCfg = Release|Any CPU
		{79FF3DE6-852E-472D-9A25-2C7F65FD97D9}.Release|Any CPU.Build.0 = Release|Any CPU
		{B273D034-B656-4B27-95A8-9D9A6B09EB57}.Debug|Any CPU.ActiveCfg = Debug|Any CPU
		{B273D034-B656-4B27-95A8-9D9A6B09EB57}.Debug|Any CPU.Build.0 = Debug|Any CPU
		{B273D034-B656-4B27-95A8-9D9A6B09EB57}.Release|Any CPU.ActiveCfg = Release|Any CPU
		{B273D034-B656-4B27-95A8-9D9A6B09EB57}.Release|Any CPU.Build.0 = Release|Any CPU
		{A93EE975-C1D6-4EDC-BD32-7276AB0C34F5}.Debug|Any CPU.ActiveCfg = Debug|Any CPU
		{A93EE975-C1D6-4EDC-BD32-7276AB0C34F5}.Debug|Any CPU.Build.0 = Debug|Any CPU
		{A93EE975-C1D6-4EDC-BD32-7276AB0C34F5}.Release|Any CPU.ActiveCfg = Release|Any CPU
		{A93EE975-C1D6-4EDC-BD32-7276AB0C34F5}.Release|Any CPU.Build.0 = Release|Any CPU
		{DAD876F8-E36C-44F9-AB17-FD389A7E5A5C}.Debug|Any CPU.ActiveCfg = Debug|Any CPU
		{DAD876F8-E36C-44F9-AB17-FD389A7E5A5C}.Debug|Any CPU.Build.0 = Debug|Any CPU
		{DAD876F8-E36C-44F9-AB17-FD389A7E5A5C}.Release|Any CPU.ActiveCfg = Release|Any CPU
		{DAD876F8-E36C-44F9-AB17-FD389A7E5A5C}.Release|Any CPU.Build.0 = Release|Any CPU
		{17F873E1-3ACD-41F3-93FD-10769FBCB5E1}.Debug|Any CPU.ActiveCfg = Debug|Any CPU
		{17F873E1-3ACD-41F3-93FD-10769FBCB5E1}.Debug|Any CPU.Build.0 = Debug|Any CPU
		{17F873E1-3ACD-41F3-93FD-10769FBCB5E1}.Release|Any CPU.ActiveCfg = Release|Any CPU
		{17F873E1-3ACD-41F3-93FD-10769FBCB5E1}.Release|Any CPU.Build.0 = Release|Any CPU
	EndGlobalSection
	GlobalSection(SolutionProperties) = preSolution
		HideSolutionNode = FALSE
	EndGlobalSection
	GlobalSection(NestedProjects) = preSolution
		{96E23669-8351-4E0D-8B69-F6BE47886479} = {02EA681E-C7D8-13C7-8484-4AC65E1B71E8}
		{A56A6D65-233B-4CCE-84F8-80F0862C092B} = {608028D9-A2D5-44B7-ABE4-E7310963811B}
		{CF77D099-9960-4F22-A8B8-28859A370F3B} = {A143A0C0-6A02-40C7-9957-100E134DB8D9}
		{696AFC27-E627-4ED3-A547-D76E6810FFA4} = {A143A0C0-6A02-40C7-9957-100E134DB8D9}
		{227F90D2-2316-4BCE-B4FA-C48CE6E26244} = {A143A0C0-6A02-40C7-9957-100E134DB8D9}
		{0951ADDE-C9CA-4DAF-89D5-9025D1CF8CC3} = {F70215B6-98CF-4E59-808F-C06FAF943FFC}
		{EC350E61-7105-40EA-813C-A0C7D50A00F1} = {F70215B6-98CF-4E59-808F-C06FAF943FFC}
		{6ECC3204-20AB-47AE-A4EC-619676B0E3AD} = {F70215B6-98CF-4E59-808F-C06FAF943FFC}
		{EB3F5594-F830-4D23-BDC8-4ED7ED818E38} = {9E9899C8-6404-4F03-B5BD-388720ED2044}
		{A966EEF9-9E01-4E9B-944F-0FC3D7890E3A} = {9E9899C8-6404-4F03-B5BD-388720ED2044}
		{DA3C5613-EB83-4D5D-9599-5699B8D72625} = {9E9899C8-6404-4F03-B5BD-388720ED2044}
		{168E5B97-A10A-4895-9E59-515E589B7EF8} = {0F773846-A385-44B0-904A-9F335C443F06}
		{79FF3DE6-852E-472D-9A25-2C7F65FD97D9} = {0F773846-A385-44B0-904A-9F335C443F06}
		{B273D034-B656-4B27-95A8-9D9A6B09EB57} = {0F773846-A385-44B0-904A-9F335C443F06}
		{A93EE975-C1D6-4EDC-BD32-7276AB0C34F5} = {28F7BA97-7A83-4E83-8AE6-3063AE22EA60}
		{DAD876F8-E36C-44F9-AB17-FD389A7E5A5C} = {28F7BA97-7A83-4E83-8AE6-3063AE22EA60}
		{17F873E1-3ACD-41F3-93FD-10769FBCB5E1} = {28F7BA97-7A83-4E83-8AE6-3063AE22EA60}
	EndGlobalSection
	GlobalSection(ExtensibilityGlobals) = postSolution
		SolutionGuid = {25A706F3-65EA-45A9-B7BE-0EFB8038C025}
	EndGlobalSection
EndGlobal
